
Microsoft Visual Studio Solution File, Format Version 12.00
# Visual Studio Version 17
VisualStudioVersion = 17.7.34018.315
MinimumVisualStudioVersion = 10.0.40219.1
Project("{FAE04EC0-301F-11D3-BF4B-00C04F79EFBC}") = "webskrap", "webskrap\webskrap.csproj", "{06D0E4B0-867C-4E0F-A581-56E2593BC751}"
EndProject
Global
	GlobalSection(SolutionConfigurationPlatforms) = preSolution
		Debug|Any CPU = Debug|Any CPU
		Release|Any CPU = Release|Any CPU
	EndGlobalSection
	GlobalSection(ProjectConfigurationPlatforms) = postSolution
		{06D0E4B0-867C-4E0F-A581-56E2593BC751}.Debug|Any CPU.ActiveCfg = Debug|Any CPU
		{06D0E4B0-867C-4E0F-A581-56E2593BC751}.Debug|Any CPU.Build.0 = Debug|Any CPU
		{06D0E4B0-867C-4E0F-A581-56E2593BC751}.Release|Any CPU.ActiveCfg = Release|Any CPU
		{06D0E4B0-867C-4E0F-A581-56E2593BC751}.Release|Any CPU.Build.0 = Release|Any CPU
	EndGlobalSection
	GlobalSection(SolutionProperties) = preSolution
		HideSolutionNode = FALSE
	EndGlobalSection
	GlobalSection(ExtensibilityGlobals) = postSolution
		SolutionGuid = {425A5A28-7C94-44D5-A620-E81BE4582966}
	EndGlobalSection
EndGlobal
